<?xml version="1.0" encoding="UTF-8" standalone="yes" ?>
<CodeBlocks_project_file>
	<FileVersion major="1" minor="6" />
	<Project>
		<Option title="rts" />
		<Option pch_mode="2" />
		<Option compiler="gcc" />
		<Build>
			<Target title="Debug">
				<Option output="bin\Debug\rts" prefix_auto="1" extension_auto="1" />
				<Option object_output="obj\Debug\" />
				<Option type="1" />
				<Option compiler="gcc" />
				<Compiler>
					<Add option="-g" />
				</Compiler>
				<Linker>
					<Add option="-lsfml-graphics-s-d" />
					<Add option="-lsfml-window-s-d" />
					<Add option="-lsfml-system-s-d" />
				</Linker>
			</Target>
			<Target title="Release">
				<Option output="bin\Release\rts" prefix_auto="1" extension_auto="1" />
				<Option object_output="obj\Release\" />
				<Option type="1" />
				<Option compiler="gcc" />
				<Compiler>
					<Add option="-O2" />
				</Compiler>
				<Linker>
					<Add option="-s" />
					<Add option="-lsfml-graphics-s" />
					<Add option="-lsfml-window-s" />
					<Add option="-lsfml-system-s" />
				</Linker>
			</Target>
		</Build>
		<Compiler>
			<Add option="-Wall" />
		</Compiler>
		<Unit filename="Engine.cpp" />
		<Unit filename="Engine.h" />
		<Unit filename="Engine_Event.cpp" />
		<Unit filename="Engine_Event.h" />
		<Unit filename="Engine_Game.cpp" />
		<Unit filename="Engine_Game.h" />
		<Unit filename="Engine_Graphics.cpp" />
		<Unit filename="Engine_Graphics.h" />
		<Unit filename="Engine_Sound.cpp" />
		<Unit filename="Engine_Sound.h" />
		<Unit filename="Game.cpp" />
		<Unit filename="Game.h" />
		<Unit filename="Gestionnaire_Images.cpp" />
		<Unit filename="Gestionnaire_Images.h" />
		<Unit filename="Scene.cpp" />
		<Unit filename="Scene.h" />
		<Unit filename="Scene_MenuPrincipal.cpp" />
		<Unit filename="Scene_MenuPrincipal.h" />
		<Unit filename="constantes.h" />
		<Unit filename="main.cpp" />
		<Extensions>
			<code_completion />
			<debugger />
		</Extensions>
	</Project>
</CodeBlocks_project_file>
